
Microsoft Visual Studio Solution File, Format Version 12.00
# Visual Studio Version 16
VisualStudioVersion = 16.0.29709.97
MinimumVisualStudioVersion = 10.0.40219.1
Project("{FAE04EC0-301F-11D3-BF4B-00C04F79EFBC}") = "ExemploInteractionIndex", "ExemploInteractionIndex\ExemploInteractionIndex.csproj", "{FD44FC72-73BC-4823-9021-DED110078EB3}"
EndProject
Global
	GlobalSection(SolutionConfigurationPlatforms) = preSolution
		Debug|Any CPU = Debug|Any CPU
		Release|Any CPU = Release|Any CPU
	EndGlobalSection
	GlobalSection(ProjectConfigurationPlatforms) = postSolution
		{FD44FC72-73BC-4823-9021-DED110078EB3}.Debug|Any CPU.ActiveCfg = Debug|Any CPU
		{FD44FC72-73BC-4823-9021-DED110078EB3}.Debug|Any CPU.Build.0 = Debug|Any CPU
		{FD44FC72-73BC-4823-9021-DED110078EB3}.Release|Any CPU.ActiveCfg = Release|Any CPU
		{FD44FC72-73BC-4823-9021-DED110078EB3}.Release|Any CPU.Build.0 = Release|Any CPU
	EndGlobalSection
	GlobalSection(SolutionProperties) = preSolution
		HideSolutionNode = FALSE
	EndGlobalSection
	GlobalSection(ExtensibilityGlobals) = postSolution
		SolutionGuid = {E181F707-41BC-4DB3-AA94-4C8F4FBD9B8A}
	EndGlobalSection
EndGlobal
